
Microsoft Visual Studio Solution File, Format Version 12.00
# Visual Studio 15
VisualStudioVersion = 15.0.26730.12
MinimumVisualStudioVersion = 10.0.40219.1
Project("{FAE04EC0-301F-11D3-BF4B-00C04F79EFBC}") = "Tutorial_3", "Tutorial3\Tutorial_3.csproj", "{37F8C8F0-4592-4D71-AF52-20FE69194916}"
EndProject
Project("{FAE04EC0-301F-11D3-BF4B-00C04F79EFBC}") = "Tutorial_4", "Tutorial_4\Tutorial_4.csproj", "{8709F0B6-E58B-4650-9D53-A0B21594BD49}"
EndProject
Project("{FAE04EC0-301F-11D3-BF4B-00C04F79EFBC}") = "Tutorial_5", "Tutorial_5\Tutorial_5.csproj", "{F2B28C5C-38AB-4456-AACF-3FB56BAA2121}"
EndProject
Project("{FAE04EC0-301F-11D3-BF4B-00C04F79EFBC}") = "Tutorial_6", "Tutorial_6\Tutorial_6.csproj", "{EDF232A2-B6E1-422D-8148-181F73952132}"
EndProject
Global
	GlobalSection(SolutionConfigurationPlatforms) = preSolution
		Debug|Any CPU = Debug|Any CPU
		Release|Any CPU = Release|Any CPU
	EndGlobalSection
	GlobalSection(ProjectConfigurationPlatforms) = postSolution
		{37F8C8F0-4592-4D71-AF52-20FE69194916}.Debug|Any CPU.ActiveCfg = Debug|Any CPU
		{37F8C8F0-4592-4D71-AF52-20FE69194916}.Debug|Any CPU.Build.0 = Debug|Any CPU
		{37F8C8F0-4592-4D71-AF52-20FE69194916}.Release|Any CPU.ActiveCfg = Release|Any CPU
		{37F8C8F0-4592-4D71-AF52-20FE69194916}.Release|Any CPU.Build.0 = Release|Any CPU
		{8709F0B6-E58B-4650-9D53-A0B21594BD49}.Debug|Any CPU.ActiveCfg = Debug|Any CPU
		{8709F0B6-E58B-4650-9D53-A0B21594BD49}.Debug|Any CPU.Build.0 = Debug|Any CPU
		{8709F0B6-E58B-4650-9D53-A0B21594BD49}.Release|Any CPU.ActiveCfg = Release|Any CPU
		{8709F0B6-E58B-4650-9D53-A0B21594BD49}.Release|Any CPU.Build.0 = Release|Any CPU
		{F2B28C5C-38AB-4456-AACF-3FB56BAA2121}.Debug|Any CPU.ActiveCfg = Debug|Any CPU
		{F2B28C5C-38AB-4456-AACF-3FB56BAA2121}.Debug|Any CPU.Build.0 = Debug|Any CPU
		{F2B28C5C-38AB-4456-AACF-3FB56BAA2121}.Release|Any CPU.ActiveCfg = Release|Any CPU
		{F2B28C5C-38AB-4456-AACF-3FB56BAA2121}.Release|Any CPU.Build.0 = Release|Any CPU
		{EDF232A2-B6E1-422D-8148-181F73952132}.Debug|Any CPU.ActiveCfg = Debug|Any CPU
		{EDF232A2-B6E1-422D-8148-181F73952132}.Debug|Any CPU.Build.0 = Debug|Any CPU
		{EDF232A2-B6E1-422D-8148-181F73952132}.Release|Any CPU.ActiveCfg = Release|Any CPU
		{EDF232A2-B6E1-422D-8148-181F73952132}.Release|Any CPU.Build.0 = Release|Any CPU
	EndGlobalSection
	GlobalSection(SolutionProperties) = preSolution
		HideSolutionNode = FALSE
	EndGlobalSection
	GlobalSection(ExtensibilityGlobals) = postSolution
		SolutionGuid = {BC45D0D3-DD9A-4221-9473-F5EACF1D5DA8}
	EndGlobalSection
EndGlobal
